
Microsoft Visual Studio Solution File, Format Version 12.00
# Visual Studio 15
Project("{FAE04EC0-301F-11D3-BF4B-00C04F79EFBC}") = "monogame", "monogame.csproj", "{7DB9B0FE-3F26-4144-88BC-39F50E5FAD7C}"
EndProject
Global
	GlobalSection(SolutionConfigurationPlatforms) = preSolution
		Debug|Any CPU = Debug|Any CPU
		Release|Any CPU = Release|Any CPU
	EndGlobalSection
	GlobalSection(ProjectConfigurationPlatforms) = postSolution
		{7DB9B0FE-3F26-4144-88BC-39F50E5FAD7C}.Debug|Any CPU.ActiveCfg = Debug|Any CPU
		{7DB9B0FE-3F26-4144-88BC-39F50E5FAD7C}.Debug|Any CPU.Build.0 = Debug|Any CPU
		{7DB9B0FE-3F26-4144-88BC-39F50E5FAD7C}.Release|Any CPU.ActiveCfg = Release|Any CPU
		{7DB9B0FE-3F26-4144-88BC-39F50E5FAD7C}.Release|Any CPU.Build.0 = Release|Any CPU
	EndGlobalSection
EndGlobal
